# THIS IS AN AUTOGENERATED FILE. DO NOT EDIT THIS FILE DIRECTLY.
# yarn lockfile v1


"@adonisjs/ace@^5.0.0":
  version "5.0.0"
  resolved "https://registry.yarnpkg.com/@adonisjs/ace/-/ace-5.0.0.tgz#49e0f9c87641f19a9e087052ab11254c9ea6a601"
  dependencies:
    cli-table "^0.3.1"
    commander "^2.14.0"
    debug "^3.1.0"
    enquirer "^1.0.3"
    fs-extra "^5.0.0"
    is-arrow-function "^2.0.3"
    lodash "^4.17.5"
    mustache "^2.3.0"
    prompt-checkbox "^2.2.0"
    prompt-confirm "^1.2.0"
    prompt-expand "^1.0.0"
    prompt-list "^3.1.2"
    prompt-password "^1.2.0"

"@adonisjs/fold@^4.0.5":
  version "4.0.7"
  resolved "https://registry.yarnpkg.com/@adonisjs/fold/-/fold-4.0.7.tgz#b8f906a6cd921b3ef84ce4af322fd94fef264a1c"
  dependencies:
    "@adonisjs/generic-exceptions" "^2.0.0"
    caller "^1.0.1"
    debug "^3.1.0"
    lodash "^4.17.5"
    require-stack "^1.0.2"

"@adonisjs/generic-exceptions@^2.0.0":
  version "2.0.0"
  resolved "https://registry.yarnpkg.com/@adonisjs/generic-exceptions/-/generic-exceptions-2.0.0.tgz#530e89a8487be01ae8e1c9152b1714ddc0b92446"
  dependencies:
    node-exceptions "^3.0.0"
    upcast "^2.1.1"

"@adonisjs/sink@^1.0.13":
  version "1.0.16"
  resolved "https://registry.yarnpkg.com/@adonisjs/sink/-/sink-1.0.16.tgz#ff15ca05aeca875997775313d69800496a40cfe2"
  dependencies:
    lodash "^4.17.5"

acorn@^4.0.3:
  version "4.0.13"
  resolved "https://registry.yarnpkg.com/acorn/-/acorn-4.0.13.tgz#105495ae5361d697bd195c825192e1ad7f253787"

acorn@^5.0.0:
  version "5.4.1"
  resolved "https://registry.yarnpkg.com/acorn/-/acorn-5.4.1.tgz#fdc58d9d17f4a4e98d102ded826a9b9759125102"

amdefine@>=0.0.4:
  version "1.0.1"
  resolved "https://registry.yarnpkg.com/amdefine/-/amdefine-1.0.1.tgz#4a5282ac164729e93619bcfd3ad151f817ce91f5"

ansi-bgblack@^0.1.1:
  version "0.1.1"
  resolved "https://registry.yarnpkg.com/ansi-bgblack/-/ansi-bgblack-0.1.1.tgz#a68ba5007887701b6aafbe3fa0dadfdfa8ee3ca2"
  dependencies:
    ansi-wrap "0.1.0"

ansi-bgblue@^0.1.1:
  version "0.1.1"
  resolved "https://registry.yarnpkg.com/ansi-bgblue/-/ansi-bgblue-0.1.1.tgz#67bdc04edc9b9b5278969da196dea3d75c8c3613"
  dependencies:
    ansi-wrap "0.1.0"

ansi-bgcyan@^0.1.1:
  version "0.1.1"
  resolved "https://registry.yarnpkg.com/ansi-bgcyan/-/ansi-bgcyan-0.1.1.tgz#58489425600bde9f5507068dd969ebfdb50fe768"
  dependencies:
    ansi-wrap "0.1.0"

ansi-bggreen@^0.1.1:
  version "0.1.1"
  resolved "https://registry.yarnpkg.com/ansi-bggreen/-/ansi-bggreen-0.1.1.tgz#4e3191248529943f4321e96bf131d1c13816af49"
  dependencies:
    ansi-wrap "0.1.0"

ansi-bgmagenta@^0.1.1:
  version "0.1.1"
  resolved "https://registry.yarnpkg.com/ansi-bgmagenta/-/ansi-bgmagenta-0.1.1.tgz#9b28432c076eaa999418672a3efbe19391c2c7a1"
  dependencies:
    ansi-wrap "0.1.0"

ansi-bgred@^0.1.1:
  version "0.1.1"
  resolved "https://registry.yarnpkg.com/ansi-bgred/-/ansi-bgred-0.1.1.tgz#a76f92838382ba43290a6c1778424f984d6f1041"
  dependencies:
    ansi-wrap "0.1.0"

ansi-bgwhite@^0.1.1:
  version "0.1.1"
  resolved "https://registry.yarnpkg.com/ansi-bgwhite/-/ansi-bgwhite-0.1.1.tgz#6504651377a58a6ececd0331994e480258e11ba8"
  dependencies:
    ansi-wrap "0.1.0"

ansi-bgyellow@^0.1.1:
  version "0.1.1"
  resolved "https://registry.yarnpkg.com/ansi-bgyellow/-/ansi-bgyellow-0.1.1.tgz#c3fe2eb08cd476648029e6874d15a0b38f61d44f"
  dependencies:
    ansi-wrap "0.1.0"

ansi-black@^0.1.1:
  version "0.1.1"
  resolved "https://registry.yarnpkg.com/ansi-black/-/ansi-black-0.1.1.tgz#f6185e889360b2545a1ec50c0bf063fc43032453"
  dependencies:
    ansi-wrap "0.1.0"

ansi-blue@^0.1.1:
  version "0.1.1"
  resolved "https://registry.yarnpkg.com/ansi-blue/-/ansi-blue-0.1.1.tgz#15b804990e92fc9ca8c5476ce8f699777c21edbf"
  dependencies:
    ansi-wrap "0.1.0"

ansi-bold@^0.1.1:
  version "0.1.1"
  resolved "https://registry.yarnpkg.com/ansi-bold/-/ansi-bold-0.1.1.tgz#3e63950af5acc2ae2e670e6f67deb115d1a5f505"
  dependencies:
    ansi-wrap "0.1.0"

ansi-colors@^0.2.0:
  version "0.2.0"
  resolved "https://registry.yarnpkg.com/ansi-colors/-/ansi-colors-0.2.0.tgz#72c31de2a0d9a2ccd0cac30cc9823eeb2f6434b5"
  dependencies:
    ansi-bgblack "^0.1.1"
    ansi-bgblue "^0.1.1"
    ansi-bgcyan "^0.1.1"
    ansi-bggreen "^0.1.1"
    ansi-bgmagenta "^0.1.1"
    ansi-bgred "^0.1.1"
    ansi-bgwhite "^0.1.1"
    ansi-bgyellow "^0.1.1"
    ansi-black "^0.1.1"
    ansi-blue "^0.1.1"
    ansi-bold "^0.1.1"
    ansi-cyan "^0.1.1"
    ansi-dim "^0.1.1"
    ansi-gray "^0.1.1"
    ansi-green "^0.1.1"
    ansi-grey "^0.1.1"
    ansi-hidden "^0.1.1"
    ansi-inverse "^0.1.1"
    ansi-italic "^0.1.1"
    ansi-magenta "^0.1.1"
    ansi-red "^0.1.1"
    ansi-reset "^0.1.1"
    ansi-strikethrough "^0.1.1"
    ansi-underline "^0.1.1"
    ansi-white "^0.1.1"
    ansi-yellow "^0.1.1"
    lazy-cache "^2.0.1"

ansi-cyan@^0.1.1:
  version "0.1.1"
  resolved "https://registry.yarnpkg.com/ansi-cyan/-/ansi-cyan-0.1.1.tgz#538ae528af8982f28ae30d86f2f17456d2609873"
  dependencies:
    ansi-wrap "0.1.0"

ansi-dim@^0.1.1:
  version "0.1.1"
  resolved "https://registry.yarnpkg.com/ansi-dim/-/ansi-dim-0.1.1.tgz#40de4c603aa8086d8e7a86b8ff998d5c36eefd6c"
  dependencies:
    ansi-wrap "0.1.0"

ansi-gray@^0.1.1:
  version "0.1.1"
  resolved "https://registry.yarnpkg.com/ansi-gray/-/ansi-gray-0.1.1.tgz#2962cf54ec9792c48510a3deb524436861ef7251"
  dependencies:
    ansi-wrap "0.1.0"

ansi-green@^0.1.1:
  version "0.1.1"
  resolved "https://registry.yarnpkg.com/ansi-green/-/ansi-green-0.1.1.tgz#8a5d9a979e458d57c40e33580b37390b8e10d0f7"
  dependencies:
    ansi-wrap "0.1.0"

ansi-grey@^0.1.1:
  version "0.1.1"
  resolved "https://registry.yarnpkg.com/ansi-grey/-/ansi-grey-0.1.1.tgz#59d98b6ac2ba19f8a51798e9853fba78339a33c1"
  dependencies:
    ansi-wrap "0.1.0"

ansi-hidden@^0.1.1:
  version "0.1.1"
  resolved "https://registry.yarnpkg.com/ansi-hidden/-/ansi-hidden-0.1.1.tgz#ed6a4c498d2bb7cbb289dbf2a8d1dcc8567fae0f"
  dependencies:
    ansi-wrap "0.1.0"

ansi-inverse@^0.1.1:
  version "0.1.1"
  resolved "https://registry.yarnpkg.com/ansi-inverse/-/ansi-inverse-0.1.1.tgz#b6af45826fe826bfb528a6c79885794355ccd269"
  dependencies:
    ansi-wrap "0.1.0"

ansi-italic@^0.1.1:
  version "0.1.1"
  resolved "https://registry.yarnpkg.com/ansi-italic/-/ansi-italic-0.1.1.tgz#104743463f625c142a036739cf85eda688986f23"
  dependencies:
    ansi-wrap "0.1.0"

ansi-magenta@^0.1.1:
  version "0.1.1"
  resolved "https://registry.yarnpkg.com/ansi-magenta/-/ansi-magenta-0.1.1.tgz#063b5ba16fb3f23e1cfda2b07c0a89de11e430ae"
  dependencies:
    ansi-wrap "0.1.0"

ansi-red@^0.1.1:
  version "0.1.1"
  resolved "https://registry.yarnpkg.com/ansi-red/-/ansi-red-0.1.1.tgz#8c638f9d1080800a353c9c28c8a81ca4705d946c"
  dependencies:
    ansi-wrap "0.1.0"

ansi-regex@^3.0.0:
  version "3.0.0"
  resolved "https://registry.yarnpkg.com/ansi-regex/-/ansi-regex-3.0.0.tgz#ed0317c322064f79466c02966bddb605ab37d998"

ansi-reset@^0.1.1:
  version "0.1.1"
  resolved "https://registry.yarnpkg.com/ansi-reset/-/ansi-reset-0.1.1.tgz#e7e71292c3c7ddcd4d62ef4a6c7c05980911c3b7"
  dependencies:
    ansi-wrap "0.1.0"

ansi-strikethrough@^0.1.1:
  version "0.1.1"
  resolved "https://registry.yarnpkg.com/ansi-strikethrough/-/ansi-strikethrough-0.1.1.tgz#d84877140b2cff07d1c93ebce69904f68885e568"
  dependencies:
    ansi-wrap "0.1.0"

ansi-underline@^0.1.1:
  version "0.1.1"
  resolved "https://registry.yarnpkg.com/ansi-underline/-/ansi-underline-0.1.1.tgz#dfc920f4c97b5977ea162df8ffb988308aaa71a4"
  dependencies:
    ansi-wrap "0.1.0"

ansi-white@^0.1.1:
  version "0.1.1"
  resolved "https://registry.yarnpkg.com/ansi-white/-/ansi-white-0.1.1.tgz#9c77b7c193c5ee992e6011d36ec4c921b4578944"
  dependencies:
    ansi-wrap "0.1.0"

ansi-wrap@0.1.0:
  version "0.1.0"
  resolved "https://registry.yarnpkg.com/ansi-wrap/-/ansi-wrap-0.1.0.tgz#a82250ddb0015e9a27ca82e82ea603bbfa45efaf"

ansi-yellow@^0.1.1:
  version "0.1.1"
  resolved "https://registry.yarnpkg.com/ansi-yellow/-/ansi-yellow-0.1.1.tgz#cb9356f2f46c732f0e3199e6102955a77da83c1d"
  dependencies:
    ansi-wrap "0.1.0"

any-promise@^0.1.0:
  version "0.1.0"
  resolved "https://registry.yarnpkg.com/any-promise/-/any-promise-0.1.0.tgz#830b680aa7e56f33451d4b049f3bd8044498ee27"

arr-flatten@^1.0.3, arr-flatten@^1.1.0:
  version "1.1.0"
  resolved "https://registry.yarnpkg.com/arr-flatten/-/arr-flatten-1.1.0.tgz#36048bbff4e7b47e136644316c99669ea5ae91f1"

arr-swap@^1.0.1:
  version "1.0.1"
  resolved "https://registry.yarnpkg.com/arr-swap/-/arr-swap-1.0.1.tgz#147590ed65fc815bc07fef0997c2e5823d643534"
  dependencies:
    is-number "^3.0.0"

assign-symbols@^1.0.0:
  version "1.0.0"
  resolved "https://registry.yarnpkg.com/assign-symbols/-/assign-symbols-1.0.0.tgz#59667f41fadd4f20ccbc2bb96b8d4f7f78ec0367"

ast-transform@0.0.0:
  version "0.0.0"
  resolved "https://registry.yarnpkg.com/ast-transform/-/ast-transform-0.0.0.tgz#74944058887d8283e189d954600947bc98fe0062"
  dependencies:
    escodegen "~1.2.0"
    esprima "~1.0.4"
    through "~2.3.4"

ast-types@^0.7.0:
  version "0.7.8"
  resolved "https://registry.yarnpkg.com/ast-types/-/ast-types-0.7.8.tgz#902d2e0d60d071bdcd46dc115e1809ed11c138a9"

babel-runtime@^6.11.6:
  version "6.26.0"
  resolved "https://registry.yarnpkg.com/babel-runtime/-/babel-runtime-6.26.0.tgz#965c7058668e82b55d7bfe04ff2337bc8b5647fe"
  dependencies:
    core-js "^2.4.0"
    regenerator-runtime "^0.11.0"

base64-js@0.0.8:
  version "0.0.8"
  resolved "https://registry.yarnpkg.com/base64-js/-/base64-js-0.0.8.tgz#1101e9544f4a76b1bc3b26d452ca96d7a35e7978"

base64-js@^1.1.2:
  version "1.2.1"
  resolved "https://registry.yarnpkg.com/base64-js/-/base64-js-1.2.1.tgz#a91947da1f4a516ea38e5b4ec0ec3773675e0886"

base64-stream@^0.1.3:
  version "0.1.3"
  resolved "https://registry.yarnpkg.com/base64-stream/-/base64-stream-0.1.3.tgz#76b0370b779bb816d12fd41764a6b8573eb5fec3"
  dependencies:
    readable-stream "^2.0.2"

brfs@^1.3.0, brfs@^1.4.0:
  version "1.4.4"
  resolved "https://registry.yarnpkg.com/brfs/-/brfs-1.4.4.tgz#fc316bc4880180fa8ee25bcaab65f86910ce1dd5"
  dependencies:
    quote-stream "^1.0.1"
    resolve "^1.1.5"
    static-module "^2.1.1"
    through2 "^2.0.0"

brotli@^1.2.0:
  version "1.3.2"
  resolved "https://registry.yarnpkg.com/brotli/-/brotli-1.3.2.tgz#525a9cad4fcba96475d7d388f6aecb13eed52f46"
  dependencies:
    base64-js "^1.1.2"

browser-resolve@^1.8.1:
  version "1.11.2"
  resolved "https://registry.yarnpkg.com/browser-resolve/-/browser-resolve-1.11.2.tgz#8ff09b0a2c421718a1051c260b32e48f442938ce"
  dependencies:
    resolve "1.1.7"

browserify-optional@^1.0.0:
  version "1.0.1"
  resolved "https://registry.yarnpkg.com/browserify-optional/-/browserify-optional-1.0.1.tgz#1e13722cfde0d85f121676c2a72ced533a018869"
  dependencies:
    ast-transform "0.0.0"
    ast-types "^0.7.0"
    browser-resolve "^1.8.1"

buffer-equal@0.0.1:
  version "0.0.1"
  resolved "https://registry.yarnpkg.com/buffer-equal/-/buffer-equal-0.0.1.tgz#91bc74b11ea405bc916bc6aa908faafa5b4aac4b"

caller@^1.0.1:
  version "1.0.1"
  resolved "https://registry.yarnpkg.com/caller/-/caller-1.0.1.tgz#b851860f70e195db3d277395aa1a7e23ea30ecf5"

choices-separator@^2.0.0:
  version "2.0.0"
  resolved "https://registry.yarnpkg.com/choices-separator/-/choices-separator-2.0.0.tgz#92fd1763182d79033f5c5c51d0ba352e5567c696"
  dependencies:
    ansi-dim "^0.1.1"
    debug "^2.6.6"
    strip-color "^0.1.0"

cli-table@^0.3.1:
  version "0.3.1"
  resolved "https://registry.yarnpkg.com/cli-table/-/cli-table-0.3.1.tgz#f53b05266a8b1a0b934b3d0821e6e2dc5914ae23"
  dependencies:
    colors "1.0.3"

clone-deep@^0.3.0:
  version "0.3.0"
  resolved "https://registry.yarnpkg.com/clone-deep/-/clone-deep-0.3.0.tgz#348c61ae9cdbe0edfe053d91ff4cc521d790ede8"
  dependencies:
    for-own "^1.0.0"
    is-plain-object "^2.0.1"
    kind-of "^3.2.2"
    shallow-clone "^0.1.2"

clone-deep@^1.0.0:
  version "1.0.0"
  resolved "https://registry.yarnpkg.com/clone-deep/-/clone-deep-1.0.0.tgz#b2f354444b5d4a0ce58faca337ef34da2b14a6c7"
  dependencies:
    for-own "^1.0.0"
    is-plain-object "^2.0.4"
    kind-of "^5.0.0"
    shallow-clone "^1.0.0"

clone@^1.0.1:
  version "1.0.3"
  resolved "https://registry.yarnpkg.com/clone/-/clone-1.0.3.tgz#298d7e2231660f40c003c2ed3140decf3f53085f"

collection-visit@^1.0.0:
  version "1.0.0"
  resolved "https://registry.yarnpkg.com/collection-visit/-/collection-visit-1.0.0.tgz#4bc0373c164bc3291b4d368c829cf1a80a59dca0"
  dependencies:
    map-visit "^1.0.0"
    object-visit "^1.0.0"

colors@1.0.3:
  version "1.0.3"
  resolved "https://registry.yarnpkg.com/colors/-/colors-1.0.3.tgz#0433f44d809680fdeb60ed260f1b0c262e82a40b"

commander@^2.14.0:
  version "2.14.1"
  resolved "https://registry.yarnpkg.com/commander/-/commander-2.14.1.tgz#2235123e37af8ca3c65df45b026dbd357b01b9aa"

component-emitter@^1.2.1:
  version "1.2.1"
  resolved "https://registry.yarnpkg.com/component-emitter/-/component-emitter-1.2.1.tgz#137918d6d78283f7df7a6b7c5a63e140e69425e6"

concat-stream@~1.6.0:
  version "1.6.0"
  resolved "https://registry.yarnpkg.com/concat-stream/-/concat-stream-1.6.0.tgz#0aac662fd52be78964d5532f694784e70110acf7"
  dependencies:
    inherits "^2.0.3"
    readable-stream "^2.2.2"
    typedarray "^0.0.6"

copy-descriptor@^0.1.0:
  version "0.1.1"
  resolved "https://registry.yarnpkg.com/copy-descriptor/-/copy-descriptor-0.1.1.tgz#676f6eb3c39997c2ee1ac3a924fd6124748f578d"

core-js@^2.4.0:
  version "2.5.3"
  resolved "https://registry.yarnpkg.com/core-js/-/core-js-2.5.3.tgz#8acc38345824f16d8365b7c9b4259168e8ed603e"

core-util-is@~1.0.0:
  version "1.0.2"
  resolved "https://registry.yarnpkg.com/core-util-is/-/core-util-is-1.0.2.tgz#b5fd54220aa2bc5ab57aab7140c940754503c1a7"

cross-env@^5.1.0:
  version "5.1.3"
  resolved "https://registry.yarnpkg.com/cross-env/-/cross-env-5.1.3.tgz#f8ae18faac87692b0a8b4d2f7000d4ec3a85dfd7"
  dependencies:
    cross-spawn "^5.1.0"
    is-windows "^1.0.0"

cross-spawn@^5.1.0:
  version "5.1.0"
  resolved "https://registry.yarnpkg.com/cross-spawn/-/cross-spawn-5.1.0.tgz#e8bd0efee58fcff6f8f94510a0a554bbfa235449"
  dependencies:
    lru-cache "^4.0.1"
    shebang-command "^1.2.0"
    which "^1.2.9"

debug@^2.6.6, debug@^2.6.8:
  version "2.6.9"
  resolved "https://registry.yarnpkg.com/debug/-/debug-2.6.9.tgz#5d128515df134ff327e90a4c93f4e077a536341f"
  dependencies:
    ms "2.0.0"

debug@^3.0.1, debug@^3.1.0:
  version "3.1.0"
  resolved "https://registry.yarnpkg.com/debug/-/debug-3.1.0.tgz#5bb5a0672628b64149566ba16819e61518c67261"
  dependencies:
    ms "2.0.0"

deep-equal@^1.0.0:
  version "1.0.1"
  resolved "https://registry.yarnpkg.com/deep-equal/-/deep-equal-1.0.1.tgz#f5d260292b660e084eff4cdbc9f08ad3247448b5"

deep-is@~0.1.3:
  version "0.1.3"
  resolved "https://registry.yarnpkg.com/deep-is/-/deep-is-0.1.3.tgz#b369d6fb5dbc13eecf524f91b070feedc357cf34"

define-property@^0.2.5:
  version "0.2.5"
  resolved "https://registry.yarnpkg.com/define-property/-/define-property-0.2.5.tgz#c35b1ef918ec3c990f9a5bc57be04aacec5c8116"
  dependencies:
    is-descriptor "^0.1.0"

define-property@^1.0.0:
  version "1.0.0"
  resolved "https://registry.yarnpkg.com/define-property/-/define-property-1.0.0.tgz#769ebaaf3f4a63aad3af9e8d304c9bbe79bfb0e6"
  dependencies:
    is-descriptor "^1.0.0"

dfa@^1.0.0:
  version "1.1.0"
  resolved "https://registry.yarnpkg.com/dfa/-/dfa-1.1.0.tgz#d30218bd10d030fa421df3ebbc82285463a31781"
  dependencies:
    babel-runtime "^6.11.6"

duplexer2@~0.1.4:
  version "0.1.4"
  resolved "https://registry.yarnpkg.com/duplexer2/-/duplexer2-0.1.4.tgz#8b12dab878c0d69e3e7891051662a32fc6bddcc1"
  dependencies:
    readable-stream "^2.0.2"

enquirer@^1.0.3:
  version "1.0.3"
  resolved "https://registry.yarnpkg.com/enquirer/-/enquirer-1.0.3.tgz#03ea667aaf241b21e4b1db938dfa3e0b18bd8924"
  dependencies:
    choices-separator "^2.0.0"
    collection-visit "^1.0.0"
    component-emitter "^1.2.1"
    debug "^2.6.8"
    extend-shallow "^2.0.1"
    get-value "^2.0.6"
    isobject "^3.0.0"
    promise-reduce "^2.1.0"
    prompt-input "^3.0.0"
    prompt-question "^3.0.3"
    readline-ui "^2.2.2"
    set-value "^1.0.0"

error-symbol@^0.1.0:
  version "0.1.0"
  resolved "https://registry.yarnpkg.com/error-symbol/-/error-symbol-0.1.0.tgz#0a4dae37d600d15a29ba453d8ef920f1844333f6"

escodegen@^1.8.1, escodegen@~1.9.0:
  version "1.9.0"
  resolved "https://registry.yarnpkg.com/escodegen/-/escodegen-1.9.0.tgz#9811a2f265dc1cd3894420ee3717064b632b8852"
  dependencies:
    esprima "^3.1.3"
    estraverse "^4.2.0"
    esutils "^2.0.2"
    optionator "^0.8.1"
  optionalDependencies:
    source-map "~0.5.6"

escodegen@~1.2.0:
  version "1.2.0"
  resolved "https://registry.yarnpkg.com/escodegen/-/escodegen-1.2.0.tgz#09de7967791cc958b7f89a2ddb6d23451af327e1"
  dependencies:
    esprima "~1.0.4"
    estraverse "~1.5.0"
    esutils "~1.0.0"
  optionalDependencies:
    source-map "~0.1.30"

esprima@^3.1.3:
  version "3.1.3"
  resolved "https://registry.yarnpkg.com/esprima/-/esprima-3.1.3.tgz#fdca51cee6133895e3c88d535ce49dbff62a4633"

esprima@~1.0.4:
  version "1.0.4"
  resolved "https://registry.yarnpkg.com/esprima/-/esprima-1.0.4.tgz#9f557e08fc3b4d26ece9dd34f8fbf476b62585ad"

estraverse@^4.2.0:
  version "4.2.0"
  resolved "https://registry.yarnpkg.com/estraverse/-/estraverse-4.2.0.tgz#0dee3fed31fcd469618ce7342099fc1afa0bdb13"

estraverse@~1.5.0:
  version "1.5.1"
  resolved "https://registry.yarnpkg.com/estraverse/-/estraverse-1.5.1.tgz#867a3e8e58a9f84618afb6c2ddbcd916b7cbaf71"

esutils@^2.0.2:
  version "2.0.2"
  resolved "https://registry.yarnpkg.com/esutils/-/esutils-2.0.2.tgz#0abf4f1caa5bcb1f7a9d8acc6dea4faaa04bac9b"

esutils@~1.0.0:
  version "1.0.0"
  resolved "https://registry.yarnpkg.com/esutils/-/esutils-1.0.0.tgz#8151d358e20c8acc7fb745e7472c0025fe496570"

extend-shallow@^2.0.1:
  version "2.0.1"
  resolved "https://registry.yarnpkg.com/extend-shallow/-/extend-shallow-2.0.1.tgz#51af7d614ad9a9f610ea1bafbb989d6b1c56890f"
  dependencies:
    is-extendable "^0.1.0"

extend-shallow@^3.0.0:
  version "3.0.2"
  resolved "https://registry.yarnpkg.com/extend-shallow/-/extend-shallow-3.0.2.tgz#26a71aaf073b39fb2127172746131c2704028db8"
  dependencies:
    assign-symbols "^1.0.0"
    is-extendable "^1.0.1"

falafel@^2.1.0:
  version "2.1.0"
  resolved "https://registry.yarnpkg.com/falafel/-/falafel-2.1.0.tgz#96bb17761daba94f46d001738b3cedf3a67fe06c"
  dependencies:
    acorn "^5.0.0"
    foreach "^2.0.5"
    isarray "0.0.1"
    object-keys "^1.0.6"

fast-levenshtein@~2.0.4:
  version "2.0.6"
  resolved "https://registry.yarnpkg.com/fast-levenshtein/-/fast-levenshtein-2.0.6.tgz#3d8a5c66883a16a30ca8643e851f19baa7797917"

fontkit@^1.0.0:
  version "1.7.7"
  resolved "https://registry.yarnpkg.com/fontkit/-/fontkit-1.7.7.tgz#ebaf2d8f3fedf302ae3c64b4beeaddc247fcdbb1"
  dependencies:
    babel-runtime "^6.11.6"
    brfs "^1.4.0"
    brotli "^1.2.0"
    browserify-optional "^1.0.0"
    clone "^1.0.1"
    deep-equal "^1.0.0"
    dfa "^1.0.0"
    restructure "^0.5.3"
    tiny-inflate "^1.0.2"
    unicode-properties "^1.0.0"
    unicode-trie "^0.3.0"

for-in@^0.1.3:
  version "0.1.8"
  resolved "https://registry.yarnpkg.com/for-in/-/for-in-0.1.8.tgz#d8773908e31256109952b1fdb9b3fa867d2775e1"

for-in@^1.0.1:
  version "1.0.2"
  resolved "https://registry.yarnpkg.com/for-in/-/for-in-1.0.2.tgz#81068d295a8142ec0ac726c6e2200c30fb6d5e80"

for-own@^1.0.0:
  version "1.0.0"
  resolved "https://registry.yarnpkg.com/for-own/-/for-own-1.0.0.tgz#c63332f415cedc4b04dbfe70cf836494c53cb44b"
  dependencies:
    for-in "^1.0.1"

foreach@^2.0.5:
  version "2.0.5"
  resolved "https://registry.yarnpkg.com/foreach/-/foreach-2.0.5.tgz#0bee005018aeb260d0a3af3ae658dd0136ec1b99"

fs-extra@^5.0.0:
  version "5.0.0"
  resolved "https://registry.yarnpkg.com/fs-extra/-/fs-extra-5.0.0.tgz#414d0110cdd06705734d055652c5411260c31abd"
  dependencies:
    graceful-fs "^4.1.2"
    jsonfile "^4.0.0"
    universalify "^0.1.0"

function-bind@^1.0.2:
  version "1.1.1"
  resolved "https://registry.yarnpkg.com/function-bind/-/function-bind-1.1.1.tgz#a56899d3ea3c9bab874bb9773b7c5ede92f4895d"

get-value@^2.0.6:
  version "2.0.6"
  resolved "https://registry.yarnpkg.com/get-value/-/get-value-2.0.6.tgz#dc15ca1c672387ca76bd37ac0a395ba2042a2c28"

graceful-fs@^4.1.2, graceful-fs@^4.1.6:
  version "4.1.11"
  resolved "https://registry.yarnpkg.com/graceful-fs/-/graceful-fs-4.1.11.tgz#0e8bdfe4d1ddb8854d64e04ea7c00e2a026e5658"

has@^1.0.1:
  version "1.0.1"
  resolved "https://registry.yarnpkg.com/has/-/has-1.0.1.tgz#8461733f538b0837c9361e39a9ab9e9704dc2f28"
  dependencies:
    function-bind "^1.0.2"

iconv-lite@^0.4.19:
  version "0.4.19"
  resolved "https://registry.yarnpkg.com/iconv-lite/-/iconv-lite-0.4.19.tgz#f7468f60135f5e5dad3399c0a81be9a1603a082b"

info-symbol@^0.1.0:
  version "0.1.0"
  resolved "https://registry.yarnpkg.com/info-symbol/-/info-symbol-0.1.0.tgz#27841d72867ddb4242cd612d79c10633881c6a78"

inherits@^2.0.3, inherits@~2.0.3:
  version "2.0.3"
  resolved "https://registry.yarnpkg.com/inherits/-/inherits-2.0.3.tgz#633c2c83e3da42a502f52466022480f4208261de"

is-accessor-descriptor@^0.1.6:
  version "0.1.6"
  resolved "https://registry.yarnpkg.com/is-accessor-descriptor/-/is-accessor-descriptor-0.1.6.tgz#a9e12cb3ae8d876727eeef3843f8a0897b5c98d6"
  dependencies:
    kind-of "^3.0.2"

is-accessor-descriptor@^1.0.0:
  version "1.0.0"
  resolved "https://registry.yarnpkg.com/is-accessor-descriptor/-/is-accessor-descriptor-1.0.0.tgz#169c2f6d3df1f992618072365c9b0ea1f6878656"
  dependencies:
    kind-of "^6.0.0"

is-arrow-function@^2.0.3:
  version "2.0.3"
  resolved "https://registry.yarnpkg.com/is-arrow-function/-/is-arrow-function-2.0.3.tgz#29be2c2d8d9450852b8bbafb635ba7b8d8e87ec2"
  dependencies:
    is-callable "^1.0.4"

is-buffer@^1.0.2, is-buffer@^1.1.5:
  version "1.1.6"
  resolved "https://registry.yarnpkg.com/is-buffer/-/is-buffer-1.1.6.tgz#efaa2ea9daa0d7ab2ea13a97b2b8ad51fefbe8be"

is-callable@^1.0.4:
  version "1.1.3"
  resolved "https://registry.yarnpkg.com/is-callable/-/is-callable-1.1.3.tgz#86eb75392805ddc33af71c92a0eedf74ee7604b2"

is-data-descriptor@^0.1.4:
  version "0.1.4"
  resolved "https://registry.yarnpkg.com/is-data-descriptor/-/is-data-descriptor-0.1.4.tgz#0b5ee648388e2c860282e793f1856fec3f301b56"
  dependencies:
    kind-of "^3.0.2"

is-data-descriptor@^1.0.0:
  version "1.0.0"
  resolved "https://registry.yarnpkg.com/is-data-descriptor/-/is-data-descriptor-1.0.0.tgz#d84876321d0e7add03990406abbbbd36ba9268c7"
  dependencies:
    kind-of "^6.0.0"

is-descriptor@^0.1.0:
  version "0.1.6"
  resolved "https://registry.yarnpkg.com/is-descriptor/-/is-descriptor-0.1.6.tgz#366d8240dde487ca51823b1ab9f07a10a78251ca"
  dependencies:
    is-accessor-descriptor "^0.1.6"
    is-data-descriptor "^0.1.4"
    kind-of "^5.0.0"

is-descriptor@^1.0.0:
  version "1.0.2"
  resolved "https://registry.yarnpkg.com/is-descriptor/-/is-descriptor-1.0.2.tgz#3b159746a66604b04f8c81524ba365c5f14d86ec"
  dependencies:
    is-accessor-descriptor "^1.0.0"
    is-data-descriptor "^1.0.0"
    kind-of "^6.0.2"

is-extendable@^0.1.0, is-extendable@^0.1.1:
  version "0.1.1"
  resolved "https://registry.yarnpkg.com/is-extendable/-/is-extendable-0.1.1.tgz#62b110e289a471418e3ec36a617d472e301dfc89"

is-extendable@^1.0.1:
  version "1.0.1"
  resolved "https://registry.yarnpkg.com/is-extendable/-/is-extendable-1.0.1.tgz#a7470f9e426733d81bd81e1155264e3a3507cab4"
  dependencies:
    is-plain-object "^2.0.4"

is-fullwidth-code-point@^2.0.0:
  version "2.0.0"
  resolved "https://registry.yarnpkg.com/is-fullwidth-code-point/-/is-fullwidth-code-point-2.0.0.tgz#a3b30a5c4f199183167aaab93beefae3ddfb654f"

is-number@^3.0.0:
  version "3.0.0"
  resolved "https://registry.yarnpkg.com/is-number/-/is-number-3.0.0.tgz#24fd6201a4782cf50561c810276afc7d12d71195"
  dependencies:
    kind-of "^3.0.2"

is-plain-object@^2.0.1, is-plain-object@^2.0.3, is-plain-object@^2.0.4:
  version "2.0.4"
  resolved "https://registry.yarnpkg.com/is-plain-object/-/is-plain-object-2.0.4.tgz#2c163b3fafb1b606d9d17928f05c2a1c38e07677"
  dependencies:
    isobject "^3.0.1"

is-windows@^1.0.0, is-windows@^1.0.1:
  version "1.0.1"
  resolved "https://registry.yarnpkg.com/is-windows/-/is-windows-1.0.1.tgz#310db70f742d259a16a369202b51af84233310d9"

isarray@0.0.1:
  version "0.0.1"
  resolved "https://registry.yarnpkg.com/isarray/-/isarray-0.0.1.tgz#8a18acfca9a8f4177e09abfc6038939b05d1eedf"

isarray@~1.0.0:
  version "1.0.0"
  resolved "https://registry.yarnpkg.com/isarray/-/isarray-1.0.0.tgz#bb935d48582cba168c06834957a54a3e07124f11"

isexe@^2.0.0:
  version "2.0.0"
  resolved "https://registry.yarnpkg.com/isexe/-/isexe-2.0.0.tgz#e8fbf374dc556ff8947a10dcb0572d633f2cfa10"

isobject@^3.0.0, isobject@^3.0.1:
  version "3.0.1"
  resolved "https://registry.yarnpkg.com/isobject/-/isobject-3.0.1.tgz#4e431e92b11a9731636aa1f9c8d1ccbcfdab78df"

jsonfile@^4.0.0:
  version "4.0.0"
  resolved "https://registry.yarnpkg.com/jsonfile/-/jsonfile-4.0.0.tgz#8771aae0799b64076b76640fca058f9c10e33ecb"
  optionalDependencies:
    graceful-fs "^4.1.6"

kind-of@^2.0.1:
  version "2.0.1"
  resolved "https://registry.yarnpkg.com/kind-of/-/kind-of-2.0.1.tgz#018ec7a4ce7e3a86cb9141be519d24c8faa981b5"
  dependencies:
    is-buffer "^1.0.2"

kind-of@^3.0.2, kind-of@^3.0.3, kind-of@^3.2.2:
  version "3.2.2"
  resolved "https://registry.yarnpkg.com/kind-of/-/kind-of-3.2.2.tgz#31ea21a734bab9bbb0f32466d893aea51e4a3c64"
  dependencies:
    is-buffer "^1.1.5"

kind-of@^4.0.0:
  version "4.0.0"
  resolved "https://registry.yarnpkg.com/kind-of/-/kind-of-4.0.0.tgz#20813df3d712928b207378691a45066fae72dd57"
  dependencies:
    is-buffer "^1.1.5"

kind-of@^5.0.0, kind-of@^5.0.2:
  version "5.1.0"
  resolved "https://registry.yarnpkg.com/kind-of/-/kind-of-5.1.0.tgz#729c91e2d857b7a419a1f9aa65685c4c33f5845d"

kind-of@^6.0.0, kind-of@^6.0.2:
  version "6.0.2"
  resolved "https://registry.yarnpkg.com/kind-of/-/kind-of-6.0.2.tgz#01146b36a6218e64e58f3a8d66de5d7fc6f6d051"

koalas@^1.0.2:
  version "1.0.2"
  resolved "https://registry.yarnpkg.com/koalas/-/koalas-1.0.2.tgz#318433f074235db78fae5661a02a8ca53ee295cd"

lazy-cache@^0.2.3:
  version "0.2.7"
  resolved "https://registry.yarnpkg.com/lazy-cache/-/lazy-cache-0.2.7.tgz#7feddf2dcb6edb77d11ef1d117ab5ffdf0ab1b65"

lazy-cache@^2.0.1, lazy-cache@^2.0.2:
  version "2.0.2"
  resolved "https://registry.yarnpkg.com/lazy-cache/-/lazy-cache-2.0.2.tgz#b9190a4f913354694840859f8a8f7084d8822264"
  dependencies:
    set-getter "^0.1.0"

levn@~0.3.0:
  version "0.3.0"
  resolved "https://registry.yarnpkg.com/levn/-/levn-0.3.0.tgz#3b09924edf9f083c0490fdd4c0bc4421e04764ee"
  dependencies:
    prelude-ls "~1.1.2"
    type-check "~0.3.2"

linebreak@^0.3.0:
  version "0.3.0"
  resolved "https://registry.yarnpkg.com/linebreak/-/linebreak-0.3.0.tgz#0526480a62c05bd679f3e9d99830e09c6a7d0ed6"
  dependencies:
    base64-js "0.0.8"
    brfs "^1.3.0"
    unicode-trie "^0.3.0"

lodash@^4.17.5:
  version "4.17.5"
  resolved "https://registry.yarnpkg.com/lodash/-/lodash-4.17.5.tgz#99a92d65c0272debe8c96b6057bc8fbfa3bed511"

log-ok@^0.1.1:
  version "0.1.1"
  resolved "https://registry.yarnpkg.com/log-ok/-/log-ok-0.1.1.tgz#bea3dd36acd0b8a7240d78736b5b97c65444a334"
  dependencies:
    ansi-green "^0.1.1"
    success-symbol "^0.1.0"

log-utils@^0.2.1:
  version "0.2.1"
  resolved "https://registry.yarnpkg.com/log-utils/-/log-utils-0.2.1.tgz#a4c217a0dd9a50515d9b920206091ab3d4e031cf"
  dependencies:
    ansi-colors "^0.2.0"
    error-symbol "^0.1.0"
    info-symbol "^0.1.0"
    log-ok "^0.1.1"
    success-symbol "^0.1.0"
    time-stamp "^1.0.1"
    warning-symbol "^0.1.0"

lru-cache@^4.0.1:
  version "4.1.1"
  resolved "https://registry.yarnpkg.com/lru-cache/-/lru-cache-4.1.1.tgz#622e32e82488b49279114a4f9ecf45e7cd6bba55"
  dependencies:
    pseudomap "^1.0.2"
    yallist "^2.1.2"

map-visit@^1.0.0:
  version "1.0.0"
  resolved "https://registry.yarnpkg.com/map-visit/-/map-visit-1.0.0.tgz#ecdca8f13144e660f1b5bd41f12f3479d98dfb8f"
  dependencies:
    object-visit "^1.0.0"

minimist@^1.1.3:
  version "1.2.8"
  resolved "https://registry.yarnpkg.com/minimist/-/minimist-1.2.8.tgz#c1a464e7693302e082a075cee0c057741ac4772c"

mixin-object@^2.0.1:
  version "2.0.1"
  resolved "https://registry.yarnpkg.com/mixin-object/-/mixin-object-2.0.1.tgz#4fb949441dab182540f1fe035ba60e1947a5e57e"
  dependencies:
    for-in "^0.1.3"
    is-extendable "^0.1.1"

ms@2.0.0:
  version "2.0.0"
  resolved "https://registry.yarnpkg.com/ms/-/ms-2.0.0.tgz#5608aeadfc00be6c2901df5f9861788de0d597c8"

mustache@^2.3.0:
  version "2.3.0"
  resolved "https://registry.yarnpkg.com/mustache/-/mustache-2.3.0.tgz#4028f7778b17708a489930a6e52ac3bca0da41d0"

mute-stream@0.0.7:
  version "0.0.7"
  resolved "https://registry.yarnpkg.com/mute-stream/-/mute-stream-0.0.7.tgz#3075ce93bc21b8fab43e1bc4da7e8115ed1e7bab"

node-exceptions@^3.0.0:
  version "3.0.0"
  resolved "https://registry.yarnpkg.com/node-exceptions/-/node-exceptions-3.0.0.tgz#48b8e10da71370845ef1af583778139527308d11"

object-copy@^0.1.0:
  version "0.1.0"
  resolved "https://registry.yarnpkg.com/object-copy/-/object-copy-0.1.0.tgz#7e7d858b781bd7c991a41ba975ed3812754e998c"
  dependencies:
    copy-descriptor "^0.1.0"
    define-property "^0.2.5"
    kind-of "^3.0.3"

object-inspect@~1.4.0:
  version "1.4.1"
  resolved "https://registry.yarnpkg.com/object-inspect/-/object-inspect-1.4.1.tgz#37ffb10e71adaf3748d05f713b4c9452f402cbc4"

object-keys@^1.0.6:
  version "1.0.11"
  resolved "https://registry.yarnpkg.com/object-keys/-/object-keys-1.0.11.tgz#c54601778ad560f1142ce0e01bcca8b56d13426d"

object-visit@^1.0.0:
  version "1.0.1"
  resolved "https://registry.yarnpkg.com/object-visit/-/object-visit-1.0.1.tgz#f79c4493af0c5377b59fe39d395e41042dd045bb"
  dependencies:
    isobject "^3.0.0"

optionator@^0.8.1:
  version "0.8.2"
  resolved "https://registry.yarnpkg.com/optionator/-/optionator-0.8.2.tgz#364c5e409d3f4d6301d6c0b4c05bba50180aeb64"
  dependencies:
    deep-is "~0.1.3"
    fast-levenshtein "~2.0.4"
    levn "~0.3.0"
    prelude-ls "~1.1.2"
    type-check "~0.3.2"
    wordwrap "~1.0.0"

pako@^0.2.5:
  version "0.2.9"
  resolved "https://registry.yarnpkg.com/pako/-/pako-0.2.9.tgz#f3f7522f4ef782348da8161bad9ecfd51bf83a75"

path-parse@^1.0.5:
  version "1.0.5"
  resolved "https://registry.yarnpkg.com/path-parse/-/path-parse-1.0.5.tgz#3c1adf871ea9cd6c9431b6ea2bd74a0ff055c4c1"

pdfkit@^0.8.3:
  version "0.8.3"
  resolved "https://registry.yarnpkg.com/pdfkit/-/pdfkit-0.8.3.tgz#ec99a57fc55ca309726f856456da14418f5330e3"
  dependencies:
    fontkit "^1.0.0"
    linebreak "^0.3.0"
    png-js ">=0.1.0"

pdfmake@^0.1.35:
  version "0.1.35"
  resolved "https://registry.yarnpkg.com/pdfmake/-/pdfmake-0.1.35.tgz#c34c6872086691a91ca588d32a25e03549f732a6"
  dependencies:
    iconv-lite "^0.4.19"
    linebreak "^0.3.0"
    pdfkit "^0.8.3"

png-js@>=0.1.0:
  version "0.1.1"
  resolved "https://registry.yarnpkg.com/png-js/-/png-js-0.1.1.tgz#1cc7c212303acabe74263ec3ac78009580242d93"

pointer-symbol@^1.0.0:
  version "1.0.0"
  resolved "https://registry.yarnpkg.com/pointer-symbol/-/pointer-symbol-1.0.0.tgz#60f9110204ea7a929b62644a21315543cbb3d447"

prelude-ls@~1.1.2:
  version "1.1.2"
  resolved "https://registry.yarnpkg.com/prelude-ls/-/prelude-ls-1.1.2.tgz#21932a549f5e52ffd9a827f570e04be62a97da54"

process-nextick-args@~1.0.6:
  version "1.0.7"
  resolved "https://registry.yarnpkg.com/process-nextick-args/-/process-nextick-args-1.0.7.tgz#150e20b756590ad3f91093f25a4f2ad8bff30ba3"

promise-reduce@^2.1.0:
  version "2.1.0"
  resolved "https://registry.yarnpkg.com/promise-reduce/-/promise-reduce-2.1.0.tgz#77198731b5c62cbd5f8e1845511131d00e3b6c47"
  dependencies:
    any-promise "^0.1.0"

prompt-actions@^3.0.2:
  version "3.0.2"
  resolved "https://registry.yarnpkg.com/prompt-actions/-/prompt-actions-3.0.2.tgz#537eee52241c940379f354a06eae8528e44ceeba"
  dependencies:
    debug "^2.6.8"

prompt-base@^4.0.1, prompt-base@^4.0.2:
  version "4.1.0"
  resolved "https://registry.yarnpkg.com/prompt-base/-/prompt-base-4.1.0.tgz#7b88e4c01b096c83d2f4e501a7e85f0d369ecd1f"
  dependencies:
    component-emitter "^1.2.1"
    debug "^3.0.1"
    koalas "^1.0.2"
    log-utils "^0.2.1"
    prompt-actions "^3.0.2"
    prompt-question "^5.0.1"
    readline-ui "^2.2.3"
    readline-utils "^2.2.3"
    static-extend "^0.1.2"

prompt-checkbox@^2.2.0:
  version "2.2.0"
  resolved "https://registry.yarnpkg.com/prompt-checkbox/-/prompt-checkbox-2.2.0.tgz#a1b086bac7e3422a3f1c34f66d6da52486472690"
  dependencies:
    ansi-cyan "^0.1.1"
    debug "^2.6.8"
    prompt-base "^4.0.2"

prompt-choices@^3.0.3:
  version "3.0.6"
  resolved "https://registry.yarnpkg.com/prompt-choices/-/prompt-choices-3.0.6.tgz#5c35c3d99ee17edfd9563c1fb81046b0849ef8ff"
  dependencies:
    arr-flatten "^1.0.3"
    choices-separator "^2.0.0"
    clone-deep "^0.3.0"
    collection-visit "^1.0.0"
    debug "^2.6.8"
    define-property "^1.0.0"
    extend-shallow "^2.0.1"
    is-number "^3.0.0"
    kind-of "^4.0.0"
    lazy-cache "^2.0.2"
    log-utils "^0.2.1"
    pointer-symbol "^1.0.0"
    radio-symbol "^2.0.0"
    set-value "^1.0.0"
    strip-color "^0.1.0"
    terminal-paginator "^2.0.0"
    toggle-array "^1.0.1"

prompt-choices@^4.0.5:
  version "4.0.5"
  resolved "https://registry.yarnpkg.com/prompt-choices/-/prompt-choices-4.0.5.tgz#32a8d30f646bcedae79b061450ed24484808df4e"
  dependencies:
    arr-flatten "^1.1.0"
    arr-swap "^1.0.1"
    choices-separator "^2.0.0"
    clone-deep "^1.0.0"
    collection-visit "^1.0.0"
    debug "^3.0.1"
    define-property "^1.0.0"
    extend-shallow "^2.0.1"
    is-number "^3.0.0"
    kind-of "^5.0.2"
    koalas "^1.0.2"
    lazy-cache "^2.0.2"
    log-utils "^0.2.1"
    pointer-symbol "^1.0.0"
    radio-symbol "^2.0.0"
    set-value "^2.0.0"
    strip-color "^0.1.0"
    terminal-paginator "^2.0.2"
    toggle-array "^1.0.1"

prompt-confirm@^1.2.0:
  version "1.2.0"
  resolved "https://registry.yarnpkg.com/prompt-confirm/-/prompt-confirm-1.2.0.tgz#ed96d0ecc3a3485c7c9d7103bf19444e7811631f"
  dependencies:
    debug "^2.6.8"
    prompt-base "^4.0.1"

prompt-expand@^1.0.0:
  version "1.0.0"
  resolved "https://registry.yarnpkg.com/prompt-expand/-/prompt-expand-1.0.0.tgz#5ccce63c6b82caedb640dd4bb6c30a6f3a6129e8"
  dependencies:
    ansi-colors "^0.2.0"
    prompt-rawlist "^2.0.0"

prompt-input@^3.0.0:
  version "3.0.0"
  resolved "https://registry.yarnpkg.com/prompt-input/-/prompt-input-3.0.0.tgz#f509e44713223f85268e70585ddae5df68d79027"
  dependencies:
    debug "^2.6.8"
    prompt-base "^4.0.2"

prompt-list@^2.0.1:
  version "2.2.0"
  resolved "https://registry.yarnpkg.com/prompt-list/-/prompt-list-2.2.0.tgz#2d438ab96193f7a361fbf5a842d1d4a152bf65d2"
  dependencies:
    ansi-cyan "^0.1.1"
    ansi-dim "^0.1.1"
    debug "^3.0.1"
    prompt-radio "^1.2.1"

prompt-list@^3.1.2:
  version "3.1.2"
  resolved "https://registry.yarnpkg.com/prompt-list/-/prompt-list-3.1.2.tgz#be151f5a54e1722d16cc59a7691a2e21b9f32a1c"
  dependencies:
    ansi-cyan "^0.1.1"
    ansi-dim "^0.1.1"
    debug "^3.1.0"
    prompt-radio "^1.2.1"

prompt-password@^1.2.0:
  version "1.2.0"
  resolved "https://registry.yarnpkg.com/prompt-password/-/prompt-password-1.2.0.tgz#87dba4afd5c34954e511c2c069fb922dab60b718"
  dependencies:
    debug "^2.6.8"
    prompt-base "^4.0.2"

prompt-question@^3.0.3:
  version "3.0.3"
  resolved "https://registry.yarnpkg.com/prompt-question/-/prompt-question-3.0.3.tgz#c55858bd76b1878c1eaaecb917a928a9c13c8a37"
  dependencies:
    clone-deep "^0.3.0"
    debug "^2.6.8"
    define-property "^1.0.0"
    extend-shallow "^2.0.1"
    kind-of "^4.0.0"
    koalas "^1.0.2"
    prompt-choices "^3.0.3"

prompt-question@^5.0.1:
  version "5.0.2"
  resolved "https://registry.yarnpkg.com/prompt-question/-/prompt-question-5.0.2.tgz#81a479f38f0bafecc758e5d6f7bc586e599610b3"
  dependencies:
    clone-deep "^1.0.0"
    debug "^3.0.1"
    define-property "^1.0.0"
    isobject "^3.0.1"
    kind-of "^5.0.2"
    koalas "^1.0.2"
    prompt-choices "^4.0.5"

prompt-radio@^1.2.1:
  version "1.2.1"
  resolved "https://registry.yarnpkg.com/prompt-radio/-/prompt-radio-1.2.1.tgz#66a4cb2b189d3373e7f9ddbbc10700186c8959ff"
  dependencies:
    debug "^2.6.8"
    prompt-checkbox "^2.2.0"

prompt-rawlist@^2.0.0:
  version "2.0.1"
  resolved "https://registry.yarnpkg.com/prompt-rawlist/-/prompt-rawlist-2.0.1.tgz#dd3c6062ae363fc8501e269c033cf7cbd6d56bd7"
  dependencies:
    ansi-cyan "^0.1.1"
    ansi-dim "^0.1.1"
    ansi-red "^0.1.1"
    is-number "^3.0.0"
    prompt-list "^2.0.1"

pseudomap@^1.0.2:
  version "1.0.2"
  resolved "https://registry.yarnpkg.com/pseudomap/-/pseudomap-1.0.2.tgz#f052a28da70e618917ef0a8ac34c1ae5a68286b3"

quote-stream@^1.0.1, quote-stream@~1.0.2:
  version "1.0.2"
  resolved "https://registry.yarnpkg.com/quote-stream/-/quote-stream-1.0.2.tgz#84963f8c9c26b942e153feeb53aae74652b7e0b2"
  dependencies:
    buffer-equal "0.0.1"
    minimist "^1.1.3"
    through2 "^2.0.0"

radio-symbol@^2.0.0:
  version "2.0.0"
  resolved "https://registry.yarnpkg.com/radio-symbol/-/radio-symbol-2.0.0.tgz#7aa9bfc50485636d52dd76d6a8e631b290799ae1"
  dependencies:
    ansi-gray "^0.1.1"
    ansi-green "^0.1.1"
    is-windows "^1.0.1"

readable-stream@^2.0.2, readable-stream@^2.1.5, readable-stream@^2.2.2, readable-stream@~2.3.3:
  version "2.3.3"
  resolved "https://registry.yarnpkg.com/readable-stream/-/readable-stream-2.3.3.tgz#368f2512d79f9d46fdfc71349ae7878bbc1eb95c"
  dependencies:
    core-util-is "~1.0.0"
    inherits "~2.0.3"
    isarray "~1.0.0"
    process-nextick-args "~1.0.6"
    safe-buffer "~5.1.1"
    string_decoder "~1.0.3"
    util-deprecate "~1.0.1"

readline-ui@^2.2.2, readline-ui@^2.2.3:
  version "2.2.3"
  resolved "https://registry.yarnpkg.com/readline-ui/-/readline-ui-2.2.3.tgz#9e873a7668bbd8ca8a5573ce810a6bafb70a5089"
  dependencies:
    component-emitter "^1.2.1"
    debug "^2.6.8"
    readline-utils "^2.2.1"
    string-width "^2.0.0"

readline-utils@^2.2.1, readline-utils@^2.2.3:
  version "2.2.3"
  resolved "https://registry.yarnpkg.com/readline-utils/-/readline-utils-2.2.3.tgz#6f847d6b8f1915c391b581c367cd47873862351a"
  dependencies:
    arr-flatten "^1.1.0"
    extend-shallow "^2.0.1"
    is-buffer "^1.1.5"
    is-number "^3.0.0"
    is-windows "^1.0.1"
    koalas "^1.0.2"
    mute-stream "0.0.7"
    strip-color "^0.1.0"
    window-size "^1.1.0"

regenerator-runtime@^0.11.0:
  version "0.11.1"
  resolved "https://registry.yarnpkg.com/regenerator-runtime/-/regenerator-runtime-0.11.1.tgz#be05ad7f9bf7d22e056f9726cee5017fbf19e2e9"

require-stack@^1.0.2:
  version "1.0.2"
  resolved "https://registry.yarnpkg.com/require-stack/-/require-stack-1.0.2.tgz#e00ee348bf96cb5c3e2d4c27b49e41476e08965d"
  dependencies:
    syntax-error "^1.1.4"

resolve@1.1.7:
  version "1.1.7"
  resolved "https://registry.yarnpkg.com/resolve/-/resolve-1.1.7.tgz#203114d82ad2c5ed9e8e0411b3932875e889e97b"

resolve@^1.1.5:
  version "1.5.0"
  resolved "https://registry.yarnpkg.com/resolve/-/resolve-1.5.0.tgz#1f09acce796c9a762579f31b2c1cc4c3cddf9f36"
  dependencies:
    path-parse "^1.0.5"

restructure@^0.5.3:
  version "0.5.4"
  resolved "https://registry.yarnpkg.com/restructure/-/restructure-0.5.4.tgz#f54e7dd563590fb34fd6bf55876109aeccb28de8"
  dependencies:
    browserify-optional "^1.0.0"

safe-buffer@~5.1.0, safe-buffer@~5.1.1:
  version "5.1.1"
  resolved "https://registry.yarnpkg.com/safe-buffer/-/safe-buffer-5.1.1.tgz#893312af69b2123def71f57889001671eeb2c853"

set-getter@^0.1.0:
  version "0.1.0"
  resolved "https://registry.yarnpkg.com/set-getter/-/set-getter-0.1.0.tgz#d769c182c9d5a51f409145f2fba82e5e86e80376"
  dependencies:
    to-object-path "^0.3.0"

set-value@^1.0.0:
  version "1.0.0"
  resolved "https://registry.yarnpkg.com/set-value/-/set-value-1.0.0.tgz#bcc76f71a0f1e07a24b987d0a02afec9f665304f"
  dependencies:
    extend-shallow "^2.0.1"
    is-extendable "^0.1.1"
    is-plain-object "^2.0.1"
    to-object-path "^0.3.0"

set-value@^2.0.0:
  version "2.0.0"
  resolved "https://registry.yarnpkg.com/set-value/-/set-value-2.0.0.tgz#71ae4a88f0feefbbf52d1ea604f3fb315ebb6274"
  dependencies:
    extend-shallow "^2.0.1"
    is-extendable "^0.1.1"
    is-plain-object "^2.0.3"
    split-string "^3.0.1"

shallow-clone@^0.1.2:
  version "0.1.2"
  resolved "https://registry.yarnpkg.com/shallow-clone/-/shallow-clone-0.1.2.tgz#5909e874ba77106d73ac414cfec1ffca87d97060"
  dependencies:
    is-extendable "^0.1.1"
    kind-of "^2.0.1"
    lazy-cache "^0.2.3"
    mixin-object "^2.0.1"

shallow-clone@^1.0.0:
  version "1.0.0"
  resolved "https://registry.yarnpkg.com/shallow-clone/-/shallow-clone-1.0.0.tgz#4480cd06e882ef68b2ad88a3ea54832e2c48b571"
  dependencies:
    is-extendable "^0.1.1"
    kind-of "^5.0.0"
    mixin-object "^2.0.1"

shallow-copy@~0.0.1:
  version "0.0.1"
  resolved "https://registry.yarnpkg.com/shallow-copy/-/shallow-copy-0.0.1.tgz#415f42702d73d810330292cc5ee86eae1a11a170"

shebang-command@^1.2.0:
  version "1.2.0"
  resolved "https://registry.yarnpkg.com/shebang-command/-/shebang-command-1.2.0.tgz#44aac65b695b03398968c39f363fee5deafdf1ea"
  dependencies:
    shebang-regex "^1.0.0"

shebang-regex@^1.0.0:
  version "1.0.0"
  resolved "https://registry.yarnpkg.com/shebang-regex/-/shebang-regex-1.0.0.tgz#da42f49740c0b42db2ca9728571cb190c98efea3"

source-map@~0.1.30:
  version "0.1.43"
  resolved "https://registry.yarnpkg.com/source-map/-/source-map-0.1.43.tgz#c24bc146ca517c1471f5dacbe2571b2b7f9e3346"
  dependencies:
    amdefine ">=0.0.4"

source-map@~0.5.6:
  version "0.5.7"
  resolved "https://registry.yarnpkg.com/source-map/-/source-map-0.5.7.tgz#8a039d2d1021d22d1ea14c80d8ea468ba2ef3fcc"

split-string@^3.0.1:
  version "3.1.0"
  resolved "https://registry.yarnpkg.com/split-string/-/split-string-3.1.0.tgz#7cb09dda3a86585705c64b39a6466038682e8fe2"
  dependencies:
    extend-shallow "^3.0.0"

static-eval@^2.0.0:
  version "2.0.0"
  resolved "https://registry.yarnpkg.com/static-eval/-/static-eval-2.0.0.tgz#0e821f8926847def7b4b50cda5d55c04a9b13864"
  dependencies:
    escodegen "^1.8.1"

static-extend@^0.1.2:
  version "0.1.2"
  resolved "https://registry.yarnpkg.com/static-extend/-/static-extend-0.1.2.tgz#60809c39cbff55337226fd5e0b520f341f1fb5c6"
  dependencies:
    define-property "^0.2.5"
    object-copy "^0.1.0"

static-module@^2.1.1:
  version "2.1.1"
  resolved "https://registry.yarnpkg.com/static-module/-/static-module-2.1.1.tgz#c771f827177507aff941be65a00fb85c210aa668"
  dependencies:
    concat-stream "~1.6.0"
    duplexer2 "~0.1.4"
    escodegen "~1.9.0"
    falafel "^2.1.0"
    has "^1.0.1"
    object-inspect "~1.4.0"
    quote-stream "~1.0.2"
    readable-stream "~2.3.3"
    shallow-copy "~0.0.1"
    static-eval "^2.0.0"
    through2 "~2.0.3"

string-width@^2.0.0:
  version "2.1.1"
  resolved "https://registry.yarnpkg.com/string-width/-/string-width-2.1.1.tgz#ab93f27a8dc13d28cac815c462143a6d9012ae9e"
  dependencies:
    is-fullwidth-code-point "^2.0.0"
    strip-ansi "^4.0.0"

string_decoder@~1.0.3:
  version "1.0.3"
  resolved "https://registry.yarnpkg.com/string_decoder/-/string_decoder-1.0.3.tgz#0fc67d7c141825de94282dd536bec6b9bce860ab"
  dependencies:
    safe-buffer "~5.1.0"

strip-ansi@^4.0.0:
  version "4.0.0"
  resolved "https://registry.yarnpkg.com/strip-ansi/-/strip-ansi-4.0.0.tgz#a8479022eb1ac368a871389b635262c505ee368f"
  dependencies:
    ansi-regex "^3.0.0"

strip-color@^0.1.0:
  version "0.1.0"
  resolved "https://registry.yarnpkg.com/strip-color/-/strip-color-0.1.0.tgz#106f65d3d3e6a2d9401cac0eb0ce8b8a702b4f7b"

success-symbol@^0.1.0:
  version "0.1.0"
  resolved "https://registry.yarnpkg.com/success-symbol/-/success-symbol-0.1.0.tgz#24022e486f3bf1cdca094283b769c472d3b72897"

syntax-error@^1.1.4:
  version "1.3.0"
  resolved "https://registry.yarnpkg.com/syntax-error/-/syntax-error-1.3.0.tgz#1ed9266c4d40be75dc55bf9bb1cb77062bb96ca1"
  dependencies:
    acorn "^4.0.3"

terminal-paginator@^2.0.0, terminal-paginator@^2.0.2:
  version "2.0.2"
  resolved "https://registry.yarnpkg.com/terminal-paginator/-/terminal-paginator-2.0.2.tgz#967e66056f28fe8f55ba7c1eebfb7c3ef371c1d3"
  dependencies:
    debug "^2.6.6"
    extend-shallow "^2.0.1"
    log-utils "^0.2.1"

through2@^2.0.0, through2@~2.0.3:
  version "2.0.3"
  resolved "https://registry.yarnpkg.com/through2/-/through2-2.0.3.tgz#0004569b37c7c74ba39c43f3ced78d1ad94140be"
  dependencies:
    readable-stream "^2.1.5"
    xtend "~4.0.1"

through@~2.3.4:
  version "2.3.8"
  resolved "https://registry.yarnpkg.com/through/-/through-2.3.8.tgz#0dd4c9ffaabc357960b1b724115d7e0e86a2e1f5"

time-stamp@^1.0.1:
  version "1.1.0"
  resolved "https://registry.yarnpkg.com/time-stamp/-/time-stamp-1.1.0.tgz#764a5a11af50561921b133f3b44e618687e0f5c3"

tiny-inflate@^1.0.0, tiny-inflate@^1.0.2:
  version "1.0.2"
  resolved "https://registry.yarnpkg.com/tiny-inflate/-/tiny-inflate-1.0.2.tgz#93d9decffc8805bd57eae4310f0b745e9b6fb3a7"

to-object-path@^0.3.0:
  version "0.3.0"
  resolved "https://registry.yarnpkg.com/to-object-path/-/to-object-path-0.3.0.tgz#297588b7b0e7e0ac08e04e672f85c1f4999e17af"
  dependencies:
    kind-of "^3.0.2"

toggle-array@^1.0.1:
  version "1.0.1"
  resolved "https://registry.yarnpkg.com/toggle-array/-/toggle-array-1.0.1.tgz#cbf5840792bd5097f33117ae824c932affe87d58"
  dependencies:
    isobject "^3.0.0"

type-check@~0.3.2:
  version "0.3.2"
  resolved "https://registry.yarnpkg.com/type-check/-/type-check-0.3.2.tgz#5884cab512cf1d355e3fb784f30804b2b520db72"
  dependencies:
    prelude-ls "~1.1.2"

typedarray@^0.0.6:
  version "0.0.6"
  resolved "https://registry.yarnpkg.com/typedarray/-/typedarray-0.0.6.tgz#867ac74e3864187b1d3d47d996a78ec5c8830777"

unicode-properties@^1.0.0:
  version "1.1.0"
  resolved "https://registry.yarnpkg.com/unicode-properties/-/unicode-properties-1.1.0.tgz#7a96eef49f75682ea69d2315eec9ac43ffdf00c1"
  dependencies:
    brfs "^1.4.0"
    unicode-trie "^0.3.0"

unicode-trie@^0.3.0:
  version "0.3.1"
  resolved "https://registry.yarnpkg.com/unicode-trie/-/unicode-trie-0.3.1.tgz#d671dddd89101a08bac37b6a5161010602052085"
  dependencies:
    pako "^0.2.5"
    tiny-inflate "^1.0.0"

universalify@^0.1.0:
  version "0.1.1"
  resolved "https://registry.yarnpkg.com/universalify/-/universalify-0.1.1.tgz#fa71badd4437af4c148841e3b3b165f9e9e590b7"

upcast@^2.1.1:
  version "2.1.2"
  resolved "https://registry.yarnpkg.com/upcast/-/upcast-2.1.2.tgz#69468e374b3cfb7b22fb632d55a420048b9e24a1"
  dependencies:
    cross-env "^5.1.0"

util-deprecate@~1.0.1:
  version "1.0.2"
  resolved "https://registry.yarnpkg.com/util-deprecate/-/util-deprecate-1.0.2.tgz#450d4dc9fa70de732762fbd2d4a28981419a0ccf"

warning-symbol@^0.1.0:
  version "0.1.0"
  resolved "https://registry.yarnpkg.com/warning-symbol/-/warning-symbol-0.1.0.tgz#bb31dd11b7a0f9d67ab2ed95f457b65825bbad21"

which@^1.2.9:
  version "1.3.0"
  resolved "https://registry.yarnpkg.com/which/-/which-1.3.0.tgz#ff04bdfc010ee547d780bec38e1ac1c2777d253a"
  dependencies:
    isexe "^2.0.0"

window-size@^1.1.0:
  version "1.1.0"
  resolved "https://registry.yarnpkg.com/window-size/-/window-size-1.1.0.tgz#3b402d3244f35561db2c9761ad9d1e5286b07a2d"
  dependencies:
    define-property "^1.0.0"
    is-number "^3.0.0"

wordwrap@~1.0.0:
  version "1.0.0"
  resolved "https://registry.yarnpkg.com/wordwrap/-/wordwrap-1.0.0.tgz#27584810891456a4171c8d0226441ade90cbcaeb"

xtend@~4.0.1:
  version "4.0.1"
  resolved "https://registry.yarnpkg.com/xtend/-/xtend-4.0.1.tgz#a5c6d532be656e23db820efb943a1f04998d63af"

yallist@^2.1.2:
  version "2.1.2"
  resolved "https://registry.yarnpkg.com/yallist/-/yallist-2.1.2.tgz#1c11f9218f076089a47dd512f93c6699a6a81d52"
